Microsoft Visual Studio Solution File, Format Version 12.00
# Visual Studio Version 17
VisualStudioVersion = 17.5.2.0
MinimumVisualStudioVersion = 10.0.40219.1
Project("{FAE04EC0-301F-11D3-BF4B-00C04F79EFBC}") = "gymtesoro", "gymtesoro.csproj", "{BDE693CA-3CF1-AD70-FB2F-667B51BDD1A0}"
EndProject
Global
	GlobalSection(SolutionConfigurationPlatforms) = preSolution
		Debug|Any CPU = Debug|Any CPU
		Release|Any CPU = Release|Any CPU
	EndGlobalSection
	GlobalSection(ProjectConfigurationPlatforms) = postSolution
		{BDE693CA-3CF1-AD70-FB2F-667B51BDD1A0}.Debug|Any CPU.ActiveCfg = Debug|Any CPU
		{BDE693CA-3CF1-AD70-FB2F-667B51BDD1A0}.Debug|Any CPU.Build.0 = Debug|Any CPU
		{BDE693CA-3CF1-AD70-FB2F-667B51BDD1A0}.Release|Any CPU.ActiveCfg = Release|Any CPU
		{BDE693CA-3CF1-AD70-FB2F-667B51BDD1A0}.Release|Any CPU.Build.0 = Release|Any CPU
	EndGlobalSection
	GlobalSection(SolutionProperties) = preSolution
		HideSolutionNode = FALSE
	EndGlobalSection
	GlobalSection(ExtensibilityGlobals) = postSolution
		SolutionGuid = {7B6E8E47-1DA8-4DC6-93AC-8996F515A9CC}
	EndGlobalSection
EndGlobal
